
Microsoft Visual Studio Solution File, Format Version 12.00
# Visual Studio Version 16
VisualStudioVersion = 16.0.30204.135
MinimumVisualStudioVersion = 10.0.40219.1
Project("{FAE04EC0-301F-11D3-BF4B-00C04F79EFBC}") = "TafelLerenFrame", "TafelLerenFrame.csproj", "{E06CE634-6F50-489B-8539-CBCB15101ECC}"
EndProject
Global
	GlobalSection(SolutionConfigurationPlatforms) = preSolution
		Debug|Any CPU = Debug|Any CPU
		Release|Any CPU = Release|Any CPU
	EndGlobalSection
	GlobalSection(ProjectConfigurationPlatforms) = postSolution
		{E06CE634-6F50-489B-8539-CBCB15101ECC}.Debug|Any CPU.ActiveCfg = Debug|Any CPU
		{E06CE634-6F50-489B-8539-CBCB15101ECC}.Debug|Any CPU.Build.0 = Debug|Any CPU
		{E06CE634-6F50-489B-8539-CBCB15101ECC}.Release|Any CPU.ActiveCfg = Release|Any CPU
		{E06CE634-6F50-489B-8539-CBCB15101ECC}.Release|Any CPU.Build.0 = Release|Any CPU
	EndGlobalSection
	GlobalSection(SolutionProperties) = preSolution
		HideSolutionNode = FALSE
	EndGlobalSection
	GlobalSection(ExtensibilityGlobals) = postSolution
		SolutionGuid = {D0EA1E8D-2BF1-45D7-99F6-11C4978C76DE}
	EndGlobalSection
EndGlobal
